dependencies:
- name: postgresql
  repository: https://charts.bitnami.com/bitnami
  version: 16.4.16
- name: common
  repository: oci://registry-1.docker.io/bitnamicharts
  version: 2.31.3
digest: sha256:b2eeaad3c63759788a1070a71789d0b9216ce7044c2ab96461e84e0e75b2ff29
generated: "2025-06-27T12:42:54.413756-04:00"
